
Microsoft Visual Studio Solution File, Format Version 12.00
# Visual Studio Version 16
VisualStudioVersion = 16.0.32106.194
MinimumVisualStudioVersion = 10.0.40219.1
Project("{FAE04EC0-301F-11D3-BF4B-00C04F79EFBC}") = "Zadanie", "Zadanie\Zadanie.csproj", "{0591B9A1-BF3D-46F6-B39D-93F3FA084E30}"
EndProject
Global
	GlobalSection(SolutionConfigurationPlatforms) = preSolution
		Debug|Any CPU = Debug|Any CPU
		Release|Any CPU = Release|Any CPU
	EndGlobalSection
	GlobalSection(ProjectConfigurationPlatforms) = postSolution
		{0591B9A1-BF3D-46F6-B39D-93F3FA084E30}.Debug|Any CPU.ActiveCfg = Debug|Any CPU
		{0591B9A1-BF3D-46F6-B39D-93F3FA084E30}.Debug|Any CPU.Build.0 = Debug|Any CPU
		{0591B9A1-BF3D-46F6-B39D-93F3FA084E30}.Release|Any CPU.ActiveCfg = Release|Any CPU
		{0591B9A1-BF3D-46F6-B39D-93F3FA084E30}.Release|Any CPU.Build.0 = Release|Any CPU
	EndGlobalSection
	GlobalSection(SolutionProperties) = preSolution
		HideSolutionNode = FALSE
	EndGlobalSection
	GlobalSection(ExtensibilityGlobals) = postSolution
		SolutionGuid = {173C447D-C311-40A6-AF21-AE0D7AAAC65C}
	EndGlobalSection
EndGlobal
